
Microsoft Visual Studio Solution File, Format Version 12.00
# Visual Studio Version 16
VisualStudioVersion = 16.0.32002.261
MinimumVisualStudioVersion = 10.0.40219.1
Project("{FAE04EC0-301F-11D3-BF4B-00C04F79EFBC}") = "LearnToCSharp", "LearnToCSharp\LearnToCSharp.csproj", "{AD038023-BC36-4B63-AAE9-74F3CDB38F4A}"
EndProject
Global
	GlobalSection(SolutionConfigurationPlatforms) = preSolution
		Debug|Any CPU = Debug|Any CPU
		Release|Any CPU = Release|Any CPU
	EndGlobalSection
	GlobalSection(ProjectConfigurationPlatforms) = postSolution
		{AD038023-BC36-4B63-AAE9-74F3CDB38F4A}.Debug|Any CPU.ActiveCfg = Debug|Any CPU
		{AD038023-BC36-4B63-AAE9-74F3CDB38F4A}.Debug|Any CPU.Build.0 = Debug|Any CPU
		{AD038023-BC36-4B63-AAE9-74F3CDB38F4A}.Release|Any CPU.ActiveCfg = Release|Any CPU
		{AD038023-BC36-4B63-AAE9-74F3CDB38F4A}.Release|Any CPU.Build.0 = Release|Any CPU
	EndGlobalSection
	GlobalSection(SolutionProperties) = preSolution
		HideSolutionNode = FALSE
	EndGlobalSection
	GlobalSection(ExtensibilityGlobals) = postSolution
		SolutionGuid = {A0EB5AA3-B34C-46F8-991E-0F468AFCA142}
	EndGlobalSection
EndGlobal
